# THIS IS AN AUTOGENERATED FILE. DO NOT EDIT THIS FILE DIRECTLY.
# yarn lockfile v1


"@babel/helper-validator-identifier@^7.14.9":
  version "7.14.9"
  resolved "https://registry.yarnpkg.com/@babel/helper-validator-identifier/-/helper-validator-identifier-7.14.9.tgz#6654d171b2024f6d8ee151bf2509699919131d48"
  integrity sha512-pQYxPY0UP6IHISRitNe8bsijHex4TWZXi2HwKVsjPiltzlhse2znVcm9Ace510VT1kxIHjGJCZZQBX2gJDbo0g==

"@babel/parser@^7.15.0":
  version "7.15.3"
  resolved "https://registry.yarnpkg.com/@babel/parser/-/parser-7.15.3.tgz#3416d9bea748052cfcb63dbcc27368105b1ed862"
  integrity sha512-O0L6v/HvqbdJawj0iBEfVQMc3/6WP+AeOsovsIgBFyJaG+W2w7eqvZB7puddATmWuARlm1SX7DwxJ/JJUnDpEA==

"@babel/types@^7.15.0":
  version "7.15.0"
  resolved "https://registry.yarnpkg.com/@babel/types/-/types-7.15.0.tgz#61af11f2286c4e9c69ca8deb5f4375a73c72dcbd"
  integrity sha512-OBvfqnllOIdX4ojTHpwZbpvz4j3EWyjkZEdmjH0/cgsd6QOdSgU8rLSk6ard/pcW7rlmjdVSX/AWOaORR1uNOQ==
  dependencies:
    "@babel/helper-validator-identifier" "^7.14.9"
    to-fast-properties "^2.0.0"

"@vitejs/plugin-vue@^1.6.2":
  version "1.6.2"
  resolved "https://registry.yarnpkg.com/@vitejs/plugin-vue/-/plugin-vue-1.6.2.tgz#40dfe314cff610d4dd027a0b4ea2a93a257f3fc9"
  integrity sha512-Pf+dqkT4pWPfziPm51VtDXsPwE74CEGRiK6Vgm5EDBewHw1EgcxG7V2ZI/Yqj5gcDy5nVtjgx0AbsTL+F3gddg==

"@vue/compiler-core@3.2.11":
  version "3.2.11"
  resolved "https://registry.yarnpkg.com/@vue/compiler-core/-/compiler-core-3.2.11.tgz#10af3777dba303ee7aae668029f131cb90391bee"
  integrity sha512-bcbsLx5XyQg8WDDEGwmpX0BfEfv82wIs9fWFelpyVhNRGMaABvUTalYINyfhVT+jOqNaD4JBhJiVKd/8TmsHWg==
  dependencies:
    "@babel/parser" "^7.15.0"
    "@babel/types" "^7.15.0"
    "@vue/shared" "3.2.11"
    estree-walker "^2.0.2"
    source-map "^0.6.1"

"@vue/compiler-core@3.2.13":
  version "3.2.13"
  resolved "https://registry.yarnpkg.com/@vue/compiler-core/-/compiler-core-3.2.13.tgz#901268088b98a53c43be0f02bfa0e3a389ad6bf4"
  integrity sha512-H8MUuKVCfAT6C0vth/+1LAriKnM+RTFo/5MoFycwRPwworTvkpWq/EuGoIXdLBblo8Y2/bNsOmIBEEoOtrb/bQ==
  dependencies:
    "@babel/parser" "^7.15.0"
    "@vue/shared" "3.2.13"
    estree-walker "^2.0.2"
    source-map "^0.6.1"

"@vue/compiler-dom@3.2.11":
  version "3.2.11"
  resolved "https://registry.yarnpkg.com/@vue/compiler-dom/-/compiler-dom-3.2.11.tgz#d066f8e1f1812b4e881593819ade0fe6d654c776"
  integrity sha512-DNvhUHI/1Hn0/+ZYDYGAuDGasUm+XHKC3FE4GqkNCTO/fcLaJMRg/7eT1m1lkc7jPffUwwfh1rZru5mwzOjrNw==
  dependencies:
    "@vue/compiler-core" "3.2.11"
    "@vue/shared" "3.2.11"

"@vue/compiler-dom@3.2.13":
  version "3.2.13"
  resolved "https://registry.yarnpkg.com/@vue/compiler-dom/-/compiler-dom-3.2.13.tgz#028982494fb9d97807d5275b42355732686f8ed7"
  integrity sha512-5+2dYgQyNzM97EEgbdAusUpLjulcKkvLM26jOGpd14+qwEcW/KCnns5DGjlZD/tsdEwToOoTDCm+mjx7cO/G1Q==
  dependencies:
    "@vue/compiler-core" "3.2.13"
    "@vue/shared" "3.2.13"

"@vue/compiler-sfc@^3.2.13":
  version "3.2.13"
  resolved "https://registry.yarnpkg.com/@vue/compiler-sfc/-/compiler-sfc-3.2.13.tgz#a38475048aad9c96cf04dfe635129b417e0f9295"
  integrity sha512-3j970d969aOILykcTstdihP33xH1Onm0wsvcl+rGv9AGxivB9xicRxBw93HCIA4dAPivr42WjHEoci9q2/85uw==
  dependencies:
    "@babel/parser" "^7.15.0"
    "@vue/compiler-core" "3.2.13"
    "@vue/compiler-dom" "3.2.13"
    "@vue/compiler-ssr" "3.2.13"
    "@vue/ref-transform" "3.2.13"
    "@vue/shared" "3.2.13"
    estree-walker "^2.0.2"
    magic-string "^0.25.7"
    postcss "^8.1.10"
    source-map "^0.6.1"

"@vue/compiler-ssr@3.2.13":
  version "3.2.13"
  resolved "https://registry.yarnpkg.com/@vue/compiler-ssr/-/compiler-ssr-3.2.13.tgz#98434672e0b488c2affa4b0570731d6be5cda187"
  integrity sha512-ZbO6uDhUWTdKBRguYNEZXj2FU3nh1cudoHBiidbxj9q5J0tVT+j1PSVFAXPq6SquUBdJpa4HvGkQ5kQzv6upXg==
  dependencies:
    "@vue/compiler-dom" "3.2.13"
    "@vue/shared" "3.2.13"

"@vue/reactivity@3.2.11":
  version "3.2.11"
  resolved "https://registry.yarnpkg.com/@vue/reactivity/-/reactivity-3.2.11.tgz#ec04d33acaf2b92cca2960535bec81b26cc5772b"
  integrity sha512-hEQstxPQbgGZq5qApzrvbDmRdK1KP96O/j4XrwT8fVkT1ytkFs4fH2xNEh9QKwXfybbQkLs77W7OfXCv5o6qbA==
  dependencies:
    "@vue/shared" "3.2.11"

"@vue/ref-transform@3.2.13":
  version "3.2.13"
  resolved "https://registry.yarnpkg.com/@vue/ref-transform/-/ref-transform-3.2.13.tgz#6adfce50d388cc03683d9d2ba58f3a3bde5166f4"
  integrity sha512-q6GXHZFzXjpx1K3UFRF8fa+xSmD9xV/FjhGzTNnfrryBr8tBUNYgP2f0s5K5N+21Ay7+MlQ1XXMUp8McGvsryQ==
  dependencies:
    "@babel/parser" "^7.15.0"
    "@vue/compiler-core" "3.2.13"
    "@vue/shared" "3.2.13"
    estree-walker "^2.0.2"
    magic-string "^0.25.7"

"@vue/runtime-core@3.2.11":
  version "3.2.11"
  resolved "https://registry.yarnpkg.com/@vue/runtime-core/-/runtime-core-3.2.11.tgz#0dbe801be4bd0bfde253226797e7d304c8fdda30"
  integrity sha512-horlxjWwSvModC87WdsWswzzHE5IexmKkQA65S5vFgP5hLUBW+HRyScDeuB/RRcFmqnf+ozacNCfap0kqcpODw==
  dependencies:
    "@vue/reactivity" "3.2.11"
    "@vue/shared" "3.2.11"

"@vue/runtime-dom@3.2.11":
  version "3.2.11"
  resolved "https://registry.yarnpkg.com/@vue/runtime-dom/-/runtime-dom-3.2.11.tgz#04f9054a9e64bdf156c2fc22cad67cfaa8b84616"
  integrity sha512-cOK1g0INdiCbds2xrrJKrrN+pDHuLz6esUs/crdEiupDuX7IeiMbdqrAQCkYHp5P1KLWcbGlkmwfVD7HQGii0Q==
  dependencies:
    "@vue/runtime-core" "3.2.11"
    "@vue/shared" "3.2.11"
    csstype "^2.6.8"

"@vue/shared@3.2.11":
  version "3.2.11"
  resolved "https://registry.yarnpkg.com/@vue/shared/-/shared-3.2.11.tgz#01899f54949caf1ac241de397bd17069632574de"
  integrity sha512-ovfXAsSsCvV9JVceWjkqC/7OF5HbgLOtCWjCIosmPGG8lxbPuavhIxRH1dTx4Dg9xLgRTNLvI3pVxG4ItQZekg==

"@vue/shared@3.2.13":
  version "3.2.13"
  resolved "https://registry.yarnpkg.com/@vue/shared/-/shared-3.2.13.tgz#c830ef966d7af12598e0ea862a55695ea589cd47"
  integrity sha512-F/gs3kHQ8Xeo24F6EImOvBiIoYQsBjF9qoLzvk+LHxYN6ZhIDEL1NWrBFYzdFQ7NphjEYd4EvPZ+Qee+WX8P6w==

colorette@^1.2.2:
  version "1.2.2"
  resolved "https://registry.yarnpkg.com/colorette/-/colorette-1.2.2.tgz#cbcc79d5e99caea2dbf10eb3a26fd8b3e6acfa94"
  integrity sha512-MKGMzyfeuutC/ZJ1cba9NqcNpfeqMUcYmyF1ZFY6/Cn7CNSAKx6a+s48sqLqyAiZuaP2TcqMhoo+dlwFnVxT9w==

csstype@^2.6.8:
  version "2.6.14"
  resolved "https://registry.yarnpkg.com/csstype/-/csstype-2.6.14.tgz#004822a4050345b55ad4dcc00be1d9cf2f4296de"
  integrity sha512-2mSc+VEpGPblzAxyeR+vZhJKgYg0Og0nnRi7pmRXFYYxSfnOnW8A5wwQb4n4cE2nIOzqKOAzLCaEX6aBmNEv8A==

esbuild@^0.12.17:
  version "0.12.20"
  resolved "https://registry.yarnpkg.com/esbuild/-/esbuild-0.12.20.tgz#4d3c9d83c99a4031e027b42a4c398c23b6827cb0"
  integrity sha512-u7+0qTo9Z64MD9PhooEngCmzyEYJ6ovFhPp8PLNh3UasR5Ihjv6HWVXqm8uHmasdQlpsAf0IsY4U0YVUfCpt4Q==

estree-walker@^2.0.2:
  version "2.0.2"
  resolved "https://registry.yarnpkg.com/estree-walker/-/estree-walker-2.0.2.tgz#52f010178c2a4c117a7757cfe942adb7d2da4cac"
  integrity sha512-Rfkk/Mp/DL7JVje3u18FxFujQlTNR2q6QfMSMB7AvCBx91NGj/ba3kCfza0f6dVDbw7YlRf/nDrn7pQrCCyQ/w==

fsevents@~2.3.1, fsevents@~2.3.2:
  version "2.3.2"
  resolved "https://registry.yarnpkg.com/fsevents/-/fsevents-2.3.2.tgz#8a526f78b8fdf4623b709e0b975c52c24c02fd1a"
  integrity sha512-xiqMQR4xAeHTuB9uWm+fFRcIOgKBMiOBP+eXiyT7jsgVCq1bkVygt00oASowB7EdtpOHaaPgKt812P9ab+DDKA==

function-bind@^1.1.1:
  version "1.1.1"
  resolved "https://registry.yarnpkg.com/function-bind/-/function-bind-1.1.1.tgz#a56899d3ea3c9bab874bb9773b7c5ede92f4895d"
  integrity sha512-yIovAzMX49sF8Yl58fSCWJ5svSLuaibPxXQJFLmBObTuCr0Mf1KiPopGM9NiFjiYBCbfaa2Fh6breQ6ANVTI0A==

has@^1.0.3:
  version "1.0.3"
  resolved "https://registry.yarnpkg.com/has/-/has-1.0.3.tgz#722d7cbfc1f6aa8241f16dd814e011e1f41e8796"
  integrity sha512-f2dvO0VU6Oej7RkWJGrehjbzMAjFp5/VKPp5tTpWIV4JHHZK1/BxbFRtf/siA2SWTe09caDmVtYYzWEIbBS4zw==
  dependencies:
    function-bind "^1.1.1"

is-core-module@^2.2.0:
  version "2.4.0"
  resolved "https://registry.yarnpkg.com/is-core-module/-/is-core-module-2.4.0.tgz#8e9fc8e15027b011418026e98f0e6f4d86305cc1"
  integrity sha512-6A2fkfq1rfeQZjxrZJGerpLCTHRNEBiSgnu0+obeJpEPZRUooHgsizvzv0ZjJwOz3iWIHdJtVWJ/tmPr3D21/A==
  dependencies:
    has "^1.0.3"

magic-string@^0.25.7:
  version "0.25.7"
  resolved "https://registry.yarnpkg.com/magic-string/-/magic-string-0.25.7.tgz#3f497d6fd34c669c6798dcb821f2ef31f5445051"
  integrity sha512-4CrMT5DOHTDk4HYDlzmwu4FVCcIYI8gauveasrdCu2IKIFOJ3f0v/8MDGJCDL9oD2ppz/Av1b0Nj345H9M+XIA==
  dependencies:
    sourcemap-codec "^1.4.4"

nanoid@^3.1.23:
  version "3.1.23"
  resolved "https://registry.yarnpkg.com/nanoid/-/nanoid-3.1.23.tgz#f744086ce7c2bc47ee0a8472574d5c78e4183a81"
  integrity sha512-FiB0kzdP0FFVGDKlRLEQ1BgDzU87dy5NnzjeW9YZNt+/c3+q82EQDUwniSAUxp/F0gFNI1ZhKU1FqYsMuqZVnw==

path-parse@^1.0.6:
  version "1.0.6"
  resolved "https://registry.yarnpkg.com/path-parse/-/path-parse-1.0.6.tgz#d62dbb5679405d72c4737ec58600e9ddcf06d24c"
  integrity sha512-GSmOT2EbHrINBf9SR7CDELwlJ8AENk3Qn7OikK4nFYAu3Ote2+JYNVvkpAEQm3/TLNEJFD/xZJjzyxg3KBWOzw==

postcss@^8.1.10, postcss@^8.3.6:
  version "8.3.6"
  resolved "https://registry.yarnpkg.com/postcss/-/postcss-8.3.6.tgz#2730dd76a97969f37f53b9a6096197be311cc4ea"
  integrity sha512-wG1cc/JhRgdqB6WHEuyLTedf3KIRuD0hG6ldkFEZNCjRxiC+3i6kkWUUbiJQayP28iwG35cEmAbe98585BYV0A==
  dependencies:
    colorette "^1.2.2"
    nanoid "^3.1.23"
    source-map-js "^0.6.2"

resolve@^1.20.0:
  version "1.20.0"
  resolved "https://registry.yarnpkg.com/resolve/-/resolve-1.20.0.tgz#629a013fb3f70755d6f0b7935cc1c2c5378b1975"
  integrity sha512-wENBPt4ySzg4ybFQW2TT1zMQucPK95HSh/nq2CFTZVOGut2+pQvSsgtda4d26YrYcr067wjbmzOG8byDPBX63A==
  dependencies:
    is-core-module "^2.2.0"
    path-parse "^1.0.6"

rollup@^2.38.5:
  version "2.39.0"
  resolved "https://registry.yarnpkg.com/rollup/-/rollup-2.39.0.tgz#be4f98c9e421793a8fec82c854fb567c35e22ab6"
  integrity sha512-+WR3bttcq7zE+BntH09UxaW3bQo3vItuYeLsyk4dL2tuwbeSKJuvwiawyhEnvRdRgrII0Uzk00FpctHO/zB1kw==
  optionalDependencies:
    fsevents "~2.3.1"

source-map-js@^0.6.2:
  version "0.6.2"
  resolved "https://registry.yarnpkg.com/source-map-js/-/source-map-js-0.6.2.tgz#0bb5de631b41cfbda6cfba8bd05a80efdfd2385e"
  integrity sha512-/3GptzWzu0+0MBQFrDKzw/DvvMTUORvgY6k6jd/VS6iCR4RDTKWH6v6WPwQoUO8667uQEf9Oe38DxAYWY5F/Ug==

source-map@^0.6.1:
  version "0.6.1"
  resolved "https://registry.yarnpkg.com/source-map/-/source-map-0.6.1.tgz#74722af32e9614e9c287a8d0bbde48b5e2f1a263"
  integrity sha512-UjgapumWlbMhkBgzT7Ykc5YXUT46F0iKu8SGXq0bcwP5dz/h0Plj6enJqjz1Zbq2l5WaqYnrVbwWOWMyF3F47g==

sourcemap-codec@^1.4.4:
  version "1.4.8"
  resolved "https://registry.yarnpkg.com/sourcemap-codec/-/sourcemap-codec-1.4.8.tgz#ea804bd94857402e6992d05a38ef1ae35a9ab4c4"
  integrity sha512-9NykojV5Uih4lgo5So5dtw+f0JgJX30KCNI8gwhz2J9A15wD0Ml6tjHKwf6fTSa6fAdVBdZeNOs9eJ71qCk8vA==

to-fast-properties@^2.0.0:
  version "2.0.0"
  resolved "https://registry.yarnpkg.com/to-fast-properties/-/to-fast-properties-2.0.0.tgz#dc5e698cbd079265bc73e0377681a4e4e83f616e"
  integrity sha1-3F5pjL0HkmW8c+A3doGk5Og/YW4=

vite@^2.5.6:
  version "2.5.6"
  resolved "https://registry.yarnpkg.com/vite/-/vite-2.5.6.tgz#51431bb5b99b041289595300ba15947bad0f89aa"
  integrity sha512-P++qzXuOPhTql8iDamsatlJfD7/yGi8NCNwzyqkB2p0jrNJC567WEdXiKn3hQ+ZV8amQmB2dTH6svo3Z2tJ6MQ==
  dependencies:
    esbuild "^0.12.17"
    postcss "^8.3.6"
    resolve "^1.20.0"
    rollup "^2.38.5"
  optionalDependencies:
    fsevents "~2.3.2"

vue@^3.2.11:
  version "3.2.11"
  resolved "https://registry.yarnpkg.com/vue/-/vue-3.2.11.tgz#6b92295048df705ddac558fd3e3ed553e55e57c8"
  integrity sha512-JkI3/eIgfk4E0f/p319TD3EZgOwBQfftgnkRsXlT7OrRyyiyoyUXn6embPGZXSBxD3LoZ9SWhJoxLhFh5AleeA==
  dependencies:
    "@vue/compiler-dom" "3.2.11"
    "@vue/runtime-dom" "3.2.11"
    "@vue/shared" "3.2.11"
